
Microsoft Visual Studio Solution File, Format Version 12.00
Project("{FAE04EC0-301F-11D3-BF4B-00C04F79EFBC}") = "backend_manage", "backend_manage\backend_manage.csproj", "{3E3E228D-661B-4C0D-A127-B648EA583695}"
EndProject
Project("{2150E333-8FDC-42A3-9474-1A3956D46DE8}") = "Solution Items", "Solution Items", "{29E87181-47D5-46FC-9D45-4DA3C18C7015}"
	ProjectSection(SolutionItems) = preProject
		compose.yaml = compose.yaml
	EndProjectSection
EndProject
Project("{FAE04EC0-301F-11D3-BF4B-00C04F79EFBC}") = "backend_manage.core", "backend_manage.core\backend_manage.core.csproj", "{7A72AD8B-173D-4BD2-B902-2BF2E2B481DD}"
EndProject
Project("{FAE04EC0-301F-11D3-BF4B-00C04F79EFBC}") = "backend_manage.shared", "backend_manage.shared\backend_manage.shared.csproj", "{7C7E51BB-B955-4833-B3C5-EB69BF48231C}"
EndProject
Global
	GlobalSection(SolutionConfigurationPlatforms) = preSolution
		Debug|Any CPU = Debug|Any CPU
		Release|Any CPU = Release|Any CPU
	EndGlobalSection
	GlobalSection(ProjectConfigurationPlatforms) = postSolution
		{3E3E228D-661B-4C0D-A127-B648EA583695}.Debug|Any CPU.ActiveCfg = Debug|Any CPU
		{3E3E228D-661B-4C0D-A127-B648EA583695}.Debug|Any CPU.Build.0 = Debug|Any CPU
		{3E3E228D-661B-4C0D-A127-B648EA583695}.Release|Any CPU.ActiveCfg = Release|Any CPU
		{3E3E228D-661B-4C0D-A127-B648EA583695}.Release|Any CPU.Build.0 = Release|Any CPU
		{7A72AD8B-173D-4BD2-B902-2BF2E2B481DD}.Debug|Any CPU.ActiveCfg = Debug|Any CPU
		{7A72AD8B-173D-4BD2-B902-2BF2E2B481DD}.Debug|Any CPU.Build.0 = Debug|Any CPU
		{7A72AD8B-173D-4BD2-B902-2BF2E2B481DD}.Release|Any CPU.ActiveCfg = Release|Any CPU
		{7A72AD8B-173D-4BD2-B902-2BF2E2B481DD}.Release|Any CPU.Build.0 = Release|Any CPU
		{7C7E51BB-B955-4833-B3C5-EB69BF48231C}.Debug|Any CPU.ActiveCfg = Debug|Any CPU
		{7C7E51BB-B955-4833-B3C5-EB69BF48231C}.Debug|Any CPU.Build.0 = Debug|Any CPU
		{7C7E51BB-B955-4833-B3C5-EB69BF48231C}.Release|Any CPU.ActiveCfg = Release|Any CPU
		{7C7E51BB-B955-4833-B3C5-EB69BF48231C}.Release|Any CPU.Build.0 = Release|Any CPU
	EndGlobalSection
EndGlobal
