
Microsoft Visual Studio Solution File, Format Version 12.00
# Visual Studio Version 17
VisualStudioVersion = 17.14.36127.28 d17.14
MinimumVisualStudioVersion = 10.0.40219.1
Project("{FAE04EC0-301F-11D3-BF4B-00C04F79EFBC}") = "frontend_manage", "frontend_manage\frontend_manage.csproj", "{FF4E83A3-C7DA-4B41-BD64-76160243B163}"
EndProject
Global
	GlobalSection(SolutionConfigurationPlatforms) = preSolution
		Debug|Any CPU = Debug|Any CPU
		Release|Any CPU = Release|Any CPU
	EndGlobalSection
	GlobalSection(ProjectConfigurationPlatforms) = postSolution
		{FF4E83A3-C7DA-4B41-BD64-76160243B163}.Debug|Any CPU.ActiveCfg = Debug|Any CPU
		{FF4E83A3-C7DA-4B41-BD64-76160243B163}.Debug|Any CPU.Build.0 = Debug|Any CPU
		{FF4E83A3-C7DA-4B41-BD64-76160243B163}.Release|Any CPU.ActiveCfg = Release|Any CPU
		{FF4E83A3-C7DA-4B41-BD64-76160243B163}.Release|Any CPU.Build.0 = Release|Any CPU
	EndGlobalSection
	GlobalSection(SolutionProperties) = preSolution
		HideSolutionNode = FALSE
	EndGlobalSection
	GlobalSection(ExtensibilityGlobals) = postSolution
		SolutionGuid = {ED008EA0-E8D5-4A6F-99B2-D8802771EDE4}
	EndGlobalSection
EndGlobal
